
Microsoft Visual Studio Solution File, Format Version 12.00
# Visual Studio 14
VisualStudioVersion = 14.0.25420.1
MinimumVisualStudioVersion = 10.0.40219.1
Project("{FAE04EC0-301F-11D3-BF4B-00C04F79EFBC}") = "AbdulLCTest.UI", "AbdulLCTest.UI\AbdulLCTest.UI.csproj", "{64B1532C-7FDC-479F-82BD-B48782B8586F}"
EndProject
Project("{FAE04EC0-301F-11D3-BF4B-00C04F79EFBC}") = "AbdulLCTest.Tests", "AbdulLCTest.Tests\AbdulLCTest.Tests.csproj", "{A57B4E52-2F26-47FD-8813-27F435AB6366}"
EndProject
Project("{FAE04EC0-301F-11D3-BF4B-00C04F79EFBC}") = "AbdulLCTest.Data", "AbdulLCTest.Data\AbdulLCTest.Data.csproj", "{33039AD3-39E1-4DB1-A954-A659004CD4B3}"
EndProject
Project("{FAE04EC0-301F-11D3-BF4B-00C04F79EFBC}") = "AbdulLCTest.Domain", "AbdulLCTest.Models\AbdulLCTest.Domain.csproj", "{E7F2CF02-0825-4573-BF9E-96D408BFCC11}"
EndProject
Project("{FAE04EC0-301F-11D3-BF4B-00C04F79EFBC}") = "AbdulLCTest.Business", "AbdulLCTest.Business\AbdulLCTest.Business.csproj", "{374C4D96-7870-403A-9745-01A6070C6780}"
EndProject
Global
	GlobalSection(SolutionConfigurationPlatforms) = preSolution
		Debug|Any CPU = Debug|Any CPU
		Release|Any CPU = Release|Any CPU
	EndGlobalSection
	GlobalSection(ProjectConfigurationPlatforms) = postSolution
		{64B1532C-7FDC-479F-82BD-B48782B8586F}.Debug|Any CPU.ActiveCfg = Debug|Any CPU
		{64B1532C-7FDC-479F-82BD-B48782B8586F}.Debug|Any CPU.Build.0 = Debug|Any CPU
		{64B1532C-7FDC-479F-82BD-B48782B8586F}.Release|Any CPU.ActiveCfg = Release|Any CPU
		{64B1532C-7FDC-479F-82BD-B48782B8586F}.Release|Any CPU.Build.0 = Release|Any CPU
		{A57B4E52-2F26-47FD-8813-27F435AB6366}.Debug|Any CPU.ActiveCfg = Debug|Any CPU
		{A57B4E52-2F26-47FD-8813-27F435AB6366}.Debug|Any CPU.Build.0 = Debug|Any CPU
		{A57B4E52-2F26-47FD-8813-27F435AB6366}.Release|Any CPU.ActiveCfg = Release|Any CPU
		{A57B4E52-2F26-47FD-8813-27F435AB6366}.Release|Any CPU.Build.0 = Release|Any CPU
		{33039AD3-39E1-4DB1-A954-A659004CD4B3}.Debug|Any CPU.ActiveCfg = Debug|Any CPU
		{33039AD3-39E1-4DB1-A954-A659004CD4B3}.Debug|Any CPU.Build.0 = Debug|Any CPU
		{33039AD3-39E1-4DB1-A954-A659004CD4B3}.Release|Any CPU.ActiveCfg = Release|Any CPU
		{33039AD3-39E1-4DB1-A954-A659004CD4B3}.Release|Any CPU.Build.0 = Release|Any CPU
		{E7F2CF02-0825-4573-BF9E-96D408BFCC11}.Debug|Any CPU.ActiveCfg = Debug|Any CPU
		{E7F2CF02-0825-4573-BF9E-96D408BFCC11}.Debug|Any CPU.Build.0 = Debug|Any CPU
		{E7F2CF02-0825-4573-BF9E-96D408BFCC11}.Release|Any CPU.ActiveCfg = Release|Any CPU
		{E7F2CF02-0825-4573-BF9E-96D408BFCC11}.Release|Any CPU.Build.0 = Release|Any CPU
		{374C4D96-7870-403A-9745-01A6070C6780}.Debug|Any CPU.ActiveCfg = Debug|Any CPU
		{374C4D96-7870-403A-9745-01A6070C6780}.Debug|Any CPU.Build.0 = Debug|Any CPU
		{374C4D96-7870-403A-9745-01A6070C6780}.Release|Any CPU.ActiveCfg = Release|Any CPU
		{374C4D96-7870-403A-9745-01A6070C6780}.Release|Any CPU.Build.0 = Release|Any CPU
	EndGlobalSection
	GlobalSection(SolutionProperties) = preSolution
		HideSolutionNode = FALSE
	EndGlobalSection
EndGlobal
